// !$*UTF8*$!
{
	archiveVersion = 1;
	classes = {
	};
	objectVersion = 46;
	objects = {

/* Begin PBXBuildFile section */
		CB4865C01A91611C00470682 /* AppDelegate.swift in Sources */ = {isa = PBXBuildFile; fileRef = CB4865BF1A91611C00470682 /* AppDelegate.swift */; };
		CB4865C51A91611C00470682 /* Main.storyboard in Resources */ = {isa = PBXBuildFile; fileRef = CB4865C31A91611C00470682 /* Main.storyboard */; };
		CB4865C71A91611C00470682 /* Images.xcassets in Resources */ = {isa = PBXBuildFile; fileRef = CB4865C61A91611C00470682 /* Images.xcassets */; };
		CB4865CA1A91611C00470682 /* LaunchScreen.xib in Resources */ = {isa = PBXBuildFile; fileRef = CB4865C81A91611C00470682 /* LaunchScreen.xib */; };
		CB4865D61A91611C00470682 /* UIPresentationController_01Tests.swift in Sources */ = {isa = PBXBuildFile; fileRef = CB4865D51A91611C00470682 /* UIPresentationController_01Tests.swift */; };
		CB4865E01A91623700470682 /* ReadOnlyViewController.swift in Sources */ = {isa = PBXBuildFile; fileRef = CB4865DF1A91623700470682 /* ReadOnlyViewController.swift */; };
		CB4865E21A91681E00470682 /* EditorViewController.swift in Sources */ = {isa = PBXBuildFile; fileRef = CB4865E11A91681E00470682 /* EditorViewController.swift */; };
		CB4865E71A91992A00470682 /* EditorTransitioningDelegate.swift in Sources */ = {isa = PBXBuildFile; fileRef = CB4865E61A91992A00470682 /* EditorTransitioningDelegate.swift */; };
		CB4865EA1A9199F000470682 /* EditorPresentationController.swift in Sources */ = {isa = PBXBuildFile; fileRef = CB4865E91A9199F000470682 /* EditorPresentationController.swift */; };
/* End PBXBuildFile section */

/* Begin PBXContainerItemProxy section */
		CB4865D01A91611C00470682 /* PBXContainerItemProxy */ = {
			isa = PBXContainerItemProxy;
			containerPortal = CB4865B21A91611C00470682 /* Project object */;
			proxyType = 1;
			remoteGlobalIDString = CB4865B91A91611C00470682;
			remoteInfo = "UIPresentationController-01";
		};
/* End PBXContainerItemProxy section */

/* Begin PBXFileReference section */
		CB4865BA1A91611C00470682 /* UIPresentationController-01.app */ = {isa = PBXFileReference; explicitFileType = wrapper.application; includeInIndex = 0; path = "UIPresentationController-01.app"; sourceTree = BUILT_PRODUCTS_DIR; };
		CB4865BE1A91611C00470682 /* Info.plist */ = {isa = PBXFileReference; lastKnownFileType = text.plist.xml; path = Info.plist; sourceTree = "<group>"; };
		CB4865BF1A91611C00470682 /* AppDelegate.swift */ = {isa = PBXFileReference; lastKnownFileType = sourcecode.swift; path = AppDelegate.swift; sourceTree = "<group>"; };
		CB4865C41A91611C00470682 /* Base */ = {isa = PBXFileReference; lastKnownFileType = file.storyboard; name = Base; path = Base.lproj/Main.storyboard; sourceTree = "<group>"; };
		CB4865C61A91611C00470682 /* Images.xcassets */ = {isa = PBXFileReference; lastKnownFileType = folder.assetcatalog; path = Images.xcassets; sourceTree = "<group>"; };
		CB4865C91A91611C00470682 /* Base */ = {isa = PBXFileReference; lastKnownFileType = file.xib; name = Base; path = Base.lproj/LaunchScreen.xib; sourceTree = "<group>"; };
		CB4865CF1A91611C00470682 /* UIPresentationController-01Tests.xctest */ = {isa = PBXFileReference; explicitFileType = wrapper.cfbundle; includeInIndex = 0; path = "UIPresentationController-01Tests.xctest"; sourceTree = BUILT_PRODUCTS_DIR; };
		CB4865D41A91611C00470682 /* Info.plist */ = {isa = PBXFileReference; lastKnownFileType = text.plist.xml; path = Info.plist; sourceTree = "<group>"; };
		CB4865D51A91611C00470682 /* UIPresentationController_01Tests.swift */ = {isa = PBXFileReference; lastKnownFileType = sourcecode.swift; path = UIPresentationController_01Tests.swift; sourceTree = "<group>"; };
		CB4865DF1A91623700470682 /* ReadOnlyViewController.swift */ = {isa = PBXFileReference; fileEncoding = 4; lastKnownFileType = sourcecode.swift; path = ReadOnlyViewController.swift; sourceTree = "<group>"; };
		CB4865E11A91681E00470682 /* EditorViewController.swift */ = {isa = PBXFileReference; fileEncoding = 4; lastKnownFileType = sourcecode.swift; path = EditorViewController.swift; sourceTree = "<group>"; };
		CB4865E61A91992A00470682 /* EditorTransitioningDelegate.swift */ = {isa = PBXFileReference; fileEncoding = 4; lastKnownFileType = sourcecode.swift; path = EditorTransitioningDelegate.swift; sourceTree = "<group>"; };
		CB4865E91A9199F000470682 /* EditorPresentationController.swift */ = {isa = PBXFileReference; fileEncoding = 4; lastKnownFileType = sourcecode.swift; path = EditorPresentationController.swift; sourceTree = "<group>"; };
/* End PBXFileReference section */

/* Begin PBXFrameworksBuildPhase section */
		CB4865B71A91611C00470682 /* Frameworks */ = {
			isa = PBXFrameworksBuildPhase;
			buildActionMask = 2147483647;
			files = (
			);
			runOnlyForDeploymentPostprocessing = 0;
		};
		CB4865CC1A91611C00470682 /* Frameworks */ = {
			isa = PBXFrameworksBuildPhase;
			buildActionMask = 2147483647;
			files = (
			);
			runOnlyForDeploymentPostprocessing = 0;
		};
/* End PBXFrameworksBuildPhase section */

/* Begin PBXGroup section */
		CB4865B11A91611C00470682 = {
			isa = PBXGroup;
			children = (
				CB4865BC1A91611C00470682 /* UIPresentationController-01 */,
				CB4865D21A91611C00470682 /* UIPresentationController-01Tests */,
				CB4865BB1A91611C00470682 /* Products */,
			);
			sourceTree = "<group>";
		};
		CB4865BB1A91611C00470682 /* Products */ = {
			isa = PBXGroup;
			children = (
				CB4865BA1A91611C00470682 /* UIPresentationController-01.app */,
				CB4865CF1A91611C00470682 /* UIPresentationController-01Tests.xctest */,
			);
			name = Products;
			sourceTree = "<group>";
		};
		CB4865BC1A91611C00470682 /* UIPresentationController-01 */ = {
			isa = PBXGroup;
			children = (
				CB4865E81A91993D00470682 /* Transition */,
				CB4865BF1A91611C00470682 /* AppDelegate.swift */,
				CB4865C31A91611C00470682 /* Main.storyboard */,
				CB4865E31A91683400470682 /* VCs */,
				CB4865C61A91611C00470682 /* Images.xcassets */,
				CB4865C81A91611C00470682 /* LaunchScreen.xib */,
				CB4865BD1A91611C00470682 /* Supporting Files */,
			);
			path = "UIPresentationController-01";
			sourceTree = "<group>";
		};
		CB4865BD1A91611C00470682 /* Supporting Files */ = {
			isa = PBXGroup;
			children = (
				CB4865BE1A91611C00470682 /* Info.plist */,
			);
			name = "Supporting Files";
			sourceTree = "<group>";
		};
		CB4865D21A91611C00470682 /* UIPresentationController-01Tests */ = {
			isa = PBXGroup;
			children = (
				CB4865D51A91611C00470682 /* UIPresentationController_01Tests.swift */,
				CB4865D31A91611C00470682 /* Supporting Files */,
			);
			path = "UIPresentationController-01Tests";
			sourceTree = "<group>";
		};
		CB4865D31A91611C00470682 /* Supporting Files */ = {
			isa = PBXGroup;
			children = (
				CB4865D41A91611C00470682 /* Info.plist */,
			);
			name = "Supporting Files";
			sourceTree = "<group>";
		};
		CB4865E31A91683400470682 /* VCs */ = {
			isa = PBXGroup;
			children = (
				CB4865E11A91681E00470682 /* EditorViewController.swift */,
				CB4865DF1A91623700470682 /* ReadOnlyViewController.swift */,
			);
			name = VCs;
			sourceTree = "<group>";
		};
		CB4865E81A91993D00470682 /* Transition */ = {
			isa = PBXGroup;
			children = (
				CB4865E61A91992A00470682 /* EditorTransitioningDelegate.swift */,
				CB4865E91A9199F000470682 /* EditorPresentationController.swift */,
			);
			name = Transition;
			sourceTree = "<group>";
		};
/* End PBXGroup section */

/* Begin PBXNativeTarget section */
		CB4865B91A91611C00470682 /* UIPresentationController-01 */ = {
			isa = PBXNativeTarget;
			buildConfigurationList = CB4865D91A91611C00470682 /* Build configuration list for PBXNativeTarget "UIPresentationController-01" */;
			buildPhases = (
				CB4865B61A91611C00470682 /* Sources */,
				CB4865B71A91611C00470682 /* Frameworks */,
				CB4865B81A91611C00470682 /* Resources */,
			);
			buildRules = (
			);
			dependencies = (
			);
			name = "UIPresentationController-01";
			productName = "UIPresentationController-01";
			productReference = CB4865BA1A91611C00470682 /* UIPresentationController-01.app */;
			productType = "com.apple.product-type.application";
		};
		CB4865CE1A91611C00470682 /* UIPresentationController-01Tests */ = {
			isa = PBXNativeTarget;
			buildConfigurationList = CB4865DC1A91611C00470682 /* Build configuration list for PBXNativeTarget "UIPresentationController-01Tests" */;
			buildPhases = (
				CB4865CB1A91611C00470682 /* Sources */,
				CB4865CC1A91611C00470682 /* Frameworks */,
				CB4865CD1A91611C00470682 /* Resources */,
			);
			buildRules = (
			);
			dependencies = (
				CB4865D11A91611C00470682 /* PBXTargetDependency */,
			);
			name = "UIPresentationController-01Tests";
			productName = "UIPresentationController-01Tests";
			productReference = CB4865CF1A91611C00470682 /* UIPresentationController-01Tests.xctest */;
			productType = "com.apple.product-type.bundle.unit-test";
		};
/* End PBXNativeTarget section */

/* Begin PBXProject section */
		CB4865B21A91611C00470682 /* Project object */ = {
			isa = PBXProject;
			attributes = {
				LastUpgradeCheck = 0610;
				ORGANIZATIONNAME = nz.co.danielw;
				TargetAttributes = {
					CB4865B91A91611C00470682 = {
						CreatedOnToolsVersion = 6.1.1;
					};
					CB4865CE1A91611C00470682 = {
						CreatedOnToolsVersion = 6.1.1;
						TestTargetID = CB4865B91A91611C00470682;
					};
				};
			};
			buildConfigurationList = CB4865B51A91611C00470682 /* Build configuration list for PBXProject "UIPresentationController-01" */;
			compatibilityVersion = "Xcode 3.2";
			developmentRegion = English;
			hasScannedForEncodings = 0;
			knownRegions = (
				en,
				Base,
			);
			mainGroup = CB4865B11A91611C00470682;
			productRefGroup = CB4865BB1A91611C00470682 /* Products */;
			projectDirPath = "";
			projectRoot = "";
			targets = (
				CB4865B91A91611C00470682 /* UIPresentationController-01 */,
				CB4865CE1A91611C00470682 /* UIPresentationController-01Tests */,
			);
		};
/* End PBXProject section */

/* Begin PBXResourcesBuildPhase section */
		CB4865B81A91611C00470682 /* Resources */ = {
			isa = PBXResourcesBuildPhase;
			buildActionMask = 2147483647;
			files = (
				CB4865C51A91611C00470682 /* Main.storyboard in Resources */,
				CB4865CA1A91611C00470682 /* LaunchScreen.xib in Resources */,
				CB4865C71A91611C00470682 /* Images.xcassets in Resources */,
			);
			runOnlyForDeploymentPostprocessing = 0;
		};
		CB4865CD1A91611C00470682 /* Resources */ = {
			isa = PBXResourcesBuildPhase;
			buildActionMask = 2147483647;
			files = (
			);
			runOnlyForDeploymentPostprocessing = 0;
		};
/* End PBXResourcesBuildPhase section */

/* Begin PBXSourcesBuildPhase section */
		CB4865B61A91611C00470682 /* Sources */ = {
			isa = PBXSourcesBuildPhase;
			buildActionMask = 2147483647;
			files = (
				CB4865E01A91623700470682 /* ReadOnlyViewController.swift in Sources */,
				CB4865E71A91992A00470682 /* EditorTransitioningDelegate.swift in Sources */,
				CB4865E21A91681E00470682 /* EditorViewController.swift in Sources */,
				CB4865C01A91611C00470682 /* AppDelegate.swift in Sources */,
				CB4865EA1A9199F000470682 /* EditorPresentationController.swift in Sources */,
			);
			runOnlyForDeploymentPostprocessing = 0;
		};
		CB4865CB1A91611C00470682 /* Sources */ = {
			isa = PBXSourcesBuildPhase;
			buildActionMask = 2147483647;
			files = (
				CB4865D61A91611C00470682 /* UIPresentationController_01Tests.swift in Sources */,
			);
			runOnlyForDeploymentPostprocessing = 0;
		};
/* End PBXSourcesBuildPhase section */

/* Begin PBXTargetDependency section */
		CB4865D11A91611C00470682 /* PBXTargetDependency */ = {
			isa = PBXTargetDependency;
			target = CB4865B91A91611C00470682 /* UIPresentationController-01 */;
			targetProxy = CB4865D01A91611C00470682 /* PBXContainerItemProxy */;
		};
/* End PBXTargetDependency section */

/* Begin PBXVariantGroup section */
		CB4865C31A91611C00470682 /* Main.storyboard */ = {
			isa = PBXVariantGroup;
			children = (
				CB4865C41A91611C00470682 /* Base */,
			);
			name = Main.storyboard;
			sourceTree = "<group>";
		};
		CB4865C81A91611C00470682 /* LaunchScreen.xib */ = {
			isa = PBXVariantGroup;
			children = (
				CB4865C91A91611C00470682 /* Base */,
			);
			name = LaunchScreen.xib;
			sourceTree = "<group>";
		};
/* End PBXVariantGroup section */

/* Begin XCBuildConfiguration section */
		CB4865D71A91611C00470682 /* Debug */ = {
			isa = XCBuildConfiguration;
			buildSettings = {
				ALWAYS_SEARCH_USER_PATHS = NO;
				CLANG_CXX_LANGUAGE_STANDARD = "gnu++0x";
				CLANG_CXX_LIBRARY = "libc++";
				CLANG_ENABLE_MODULES = YES;
				CLANG_ENABLE_OBJC_ARC = YES;
				CLANG_WARN_BOOL_CONVERSION = YES;
				CLANG_WARN_CONSTANT_CONVERSION = YES;
				CLANG_WARN_DIRECT_OBJC_ISA_USAGE = YES_ERROR;
				CLANG_WARN_EMPTY_BODY = YES;
				CLANG_WARN_ENUM_CONVERSION = YES;
				CLANG_WARN_INT_CONVERSION = YES;
				CLANG_WARN_OBJC_ROOT_CLASS = YES_ERROR;
				CLANG_WARN_UNREACHABLE_CODE = YES;
				CLANG_WARN__DUPLICATE_METHOD_MATCH = YES;
				"CODE_SIGN_IDENTITY[sdk=iphoneos*]" = "iPhone Developer";
				COPY_PHASE_STRIP = NO;
				ENABLE_STRICT_OBJC_MSGSEND = YES;
				GCC_C_LANGUAGE_STANDARD = gnu99;
				GCC_DYNAMIC_NO_PIC = NO;
				GCC_OPTIMIZATION_LEVEL = 0;
				GCC_PREPROCESSOR_DEFINITIONS = (
					"DEBUG=1",
					"$(inherited)",
				);
				GCC_SYMBOLS_PRIVATE_EXTERN = NO;
				GCC_WARN_64_TO_32_BIT_CONVERSION = YES;
				GCC_WARN_ABOUT_RETURN_TYPE = YES_ERROR;
				GCC_WARN_UNDECLARED_SELECTOR = YES;
				GCC_WARN_UNINITIALIZED_AUTOS = YES_AGGRESSIVE;
				GCC_WARN_UNUSED_FUNCTION = YES;
				GCC_WARN_UNUSED_VARIABLE = YES;
				IPHONEOS_DEPLOYMENT_TARGET = 8.1;
				MTL_ENABLE_DEBUG_INFO = YES;
				ONLY_ACTIVE_ARCH = YES;
				SDKROOT = iphoneos;
				SWIFT_OPTIMIZATION_LEVEL = "-Onone";
				TARGETED_DEVICE_FAMILY = "1,2";
			};
			name = Debug;
		};
		CB4865D81A91611C00470682 /* Release */ = {
			isa = XCBuildConfiguration;
			buildSettings = {
				ALWAYS_SEARCH_USER_PATHS = NO;
				CLANG_CXX_LANGUAGE_STANDARD = "gnu++0x";
				CLANG_CXX_LIBRARY = "libc++";
				CLANG_ENABLE_MODULES = YES;
				CLANG_ENABLE_OBJC_ARC = YES;
				CLANG_WARN_BOOL_CONVERSION = YES;
				CLANG_WARN_CONSTANT_CONVERSION = YES;
				CLANG_WARN_DIRECT_OBJC_ISA_USAGE = YES_ERROR;
				CLANG_WARN_EMPTY_BODY = YES;
				CLANG_WARN_ENUM_CONVERSION = YES;
				CLANG_WARN_INT_CONVERSION = YES;
				CLANG_WARN_OBJC_ROOT_CLASS = YES_ERROR;
				CLANG_WARN_UNREACHABLE_CODE = YES;
				CLANG_WARN__DUPLICATE_METHOD_MATCH = YES;
				"CODE_SIGN_IDENTITY[sdk=iphoneos*]" = "iPhone Developer";
				COPY_PHASE_STRIP = YES;
				ENABLE_NS_ASSERTIONS = NO;
				ENABLE_STRICT_OBJC_MSGSEND = YES;
				GCC_C_LANGUAGE_STANDARD = gnu99;
				GCC_WARN_64_TO_32_BIT_CONVERSION = YES;
				GCC_WARN_ABOUT_RETURN_TYPE = YES_ERROR;
				GCC_WARN_UNDECLARED_SELECTOR = YES;
				GCC_WARN_UNINITIALIZED_AUTOS = YES_AGGRESSIVE;
				GCC_WARN_UNUSED_FUNCTION = YES;
				GCC_WARN_UNUSED_VARIABLE = YES;
				IPHONEOS_DEPLOYMENT_TARGET = 8.1;
				MTL_ENABLE_DEBUG_INFO = NO;
				SDKROOT = iphoneos;
				TARGETED_DEVICE_FAMILY = "1,2";
				VALIDATE_PRODUCT = YES;
			};
			name = Release;
		};
		CB4865DA1A91611C00470682 /* Debug */ = {
			isa = XCBuildConfiguration;
			buildSettings = {
				ASSETCATALOG_COMPILER_APPICON_NAME = AppIcon;
				INFOPLIST_FILE = "UIPresentationController-01/Info.plist";
				LD_RUNPATH_SEARCH_PATHS = "$(inherited) @executable_path/Frameworks";
				PRODUCT_NAME = "$(TARGET_NAME)";
			};
			name = Debug;
		};
		CB4865DB1A91611C00470682 /* Release */ = {
			isa = XCBuildConfiguration;
			buildSettings = {
				ASSETCATALOG_COMPILER_APPICON_NAME = AppIcon;
				INFOPLIST_FILE = "UIPresentationController-01/Info.plist";
				LD_RUNPATH_SEARCH_PATHS = "$(inherited) @executable_path/Frameworks";
				PRODUCT_NAME = "$(TARGET_NAME)";
			};
			name = Release;
		};
		CB4865DD1A91611C00470682 /* Debug */ = {
			isa = XCBuildConfiguration;
			buildSettings = {
				BUNDLE_LOADER = "$(TEST_HOST)";
				FRAMEWORK_SEARCH_PATHS = (
					"$(SDKROOT)/Developer/Library/Frameworks",
					"$(inherited)",
				);
				GCC_PREPROCESSOR_DEFINITIONS = (
					"DEBUG=1",
					"$(inherited)",
				);
				INFOPLIST_FILE = "UIPresentationController-01Tests/Info.plist";
				LD_RUNPATH_SEARCH_PATHS = "$(inherited) @executable_path/Frameworks @loader_path/Frameworks";
				PRODUCT_NAME = "$(TARGET_NAME)";
				TEST_HOST = "$(BUILT_PRODUCTS_DIR)/UIPresentationController-01.app/UIPresentationController-01";
			};
			name = Debug;
		};
		CB4865DE1A91611C00470682 /* Release */ = {
			isa = XCBuildConfiguration;
			buildSettings = {
				BUNDLE_LOADER = "$(TEST_HOST)";
				FRAMEWORK_SEARCH_PATHS = (
					"$(SDKROOT)/Developer/Library/Frameworks",
					"$(inherited)",
				);
				INFOPLIST_FILE = "UIPresentationController-01Tests/Info.plist";
				LD_RUNPATH_SEARCH_PATHS = "$(inherited) @executable_path/Frameworks @loader_path/Frameworks";
				PRODUCT_NAME = "$(TARGET_NAME)";
				TEST_HOST = "$(BUILT_PRODUCTS_DIR)/UIPresentationController-01.app/UIPresentationController-01";
			};
			name = Release;
		};
/* End XCBuildConfiguration section */

/* Begin XCConfigurationList section */
		CB4865B51A91611C00470682 /* Build configuration list for PBXProject "UIPresentationController-01" */ = {
			isa = XCConfigurationList;
			buildConfigurations = (
				CB4865D71A91611C00470682 /* Debug */,
				CB4865D81A91611C00470682 /* Release */,
			);
			defaultConfigurationIsVisible = 0;
			defaultConfigurationName = Release;
		};
		CB4865D91A91611C00470682 /* Build configuration list for PBXNativeTarget "UIPresentationController-01" */ = {
			isa = XCConfigurationList;
			buildConfigurations = (
				CB4865DA1A91611C00470682 /* Debug */,
				CB4865DB1A91611C00470682 /* Release */,
			);
			defaultConfigurationIsVisible = 0;
		};
		CB4865DC1A91611C00470682 /* Build configuration list for PBXNativeTarget "UIPresentationController-01Tests" */ = {
			isa = XCConfigurationList;
			buildConfigurations = (
				CB4865DD1A91611C00470682 /* Debug */,
				CB4865DE1A91611C00470682 /* Release */,
			);
			defaultConfigurationIsVisible = 0;
		};
/* End XCConfigurationList section */
	};
	rootObject = CB4865B21A91611C00470682 /* Project object */;
}
